// !$*UTF8*$!
{
	archiveVersion = 1;
	classes = {
	};
	objectVersion = 45;
	objects = {

/* Begin PBXBuildFile section */
		140C63A915D3123A00F50318 /* AudioToolbox.framework in Frameworks */ = {isa = PBXBuildFile; fileRef = 140C63A815D3123A00F50318 /* AudioToolbox.framework */; };
		140C63AB15D3123F00F50318 /* AVFoundation.framework in Frameworks */ = {isa = PBXBuildFile; fileRef = 140C63AA15D3123F00F50318 /* AVFoundation.framework */; };
		144A4E2015D2F117001CDD9F /* SMXMLDocument.m in Sources */ = {isa = PBXBuildFile; fileRef = 144A4E1F15D2F117001CDD9F /* SMXMLDocument.m */; };
		144A4E2315D2F190001CDD9F /* defaultTree.xml in Resources */ = {isa = PBXBuildFile; fileRef = 144A4E2215D2F190001CDD9F /* defaultTree.xml */; };
		144A4E2915D2F4BD001CDD9F /* XMLTreeCreator.m in Sources */ = {isa = PBXBuildFile; fileRef = 144A4E2815D2F4BC001CDD9F /* XMLTreeCreator.m */; };
		1473829D15A4AF6C009AB9B7 /* TreeNavigator.m in Sources */ = {isa = PBXBuildFile; fileRef = 1473829C15A4AF6C009AB9B7 /* TreeNavigator.m */; };
		14DF37F715A34EEA00424701 /* SelectionTree.m in Sources */ = {isa = PBXBuildFile; fileRef = 14DF37F615A34EEA00424701 /* SelectionTree.m */; };
		1D3623260D0F684500981E51 /* Communication_AidAppDelegate.m in Sources */ = {isa = PBXBuildFile; fileRef = 1D3623250D0F684500981E51 /* Communication_AidAppDelegate.m */; };
		1D60589B0D05DD56006BFB54 /* main.m in Sources */ = {isa = PBXBuildFile; fileRef = 29B97316FDCFA39411CA2CEA /* main.m */; };
		1D60589F0D05DD5A006BFB54 /* Foundation.framework in Frameworks */ = {isa = PBXBuildFile; fileRef = 1D30AB110D05D00D00671497 /* Foundation.framework */; };
		1DF5F4E00D08C38300B7A737 /* UIKit.framework in Frameworks */ = {isa = PBXBuildFile; fileRef = 1DF5F4DF0D08C38300B7A737 /* UIKit.framework */; };
		288765FD0DF74451002DB57D /* CoreGraphics.framework in Frameworks */ = {isa = PBXBuildFile; fileRef = 288765FC0DF74451002DB57D /* CoreGraphics.framework */; };
		28AD733F0D9D9553002E5188 /* MainWindow.xib in Resources */ = {isa = PBXBuildFile; fileRef = 28AD733E0D9D9553002E5188 /* MainWindow.xib */; };
		982A76DD15D3E17F00D89C0E /* EditingView.m in Sources */ = {isa = PBXBuildFile; fileRef = 982A76DC15D3E17F00D89C0E /* EditingView.m */; };
		987E6EB315B62674004DE229 /* dictionary.txt in Resources */ = {isa = PBXBuildFile; fileRef = 987E6EB215B62674004DE229 /* dictionary.txt */; };
		98B95BBB16869704002424BC /* CalibrationViewController.m in Sources */ = {isa = PBXBuildFile; fileRef = 98B95BB916869704002424BC /* CalibrationViewController.m */; };
		98B95BBC16869704002424BC /* CalibrationViewController.xib in Resources */ = {isa = PBXBuildFile; fileRef = 98B95BBA16869704002424BC /* CalibrationViewController.xib */; };
		98F2A374156C11A400431E1D /* joystick_cross_1.PNG in Resources */ = {isa = PBXBuildFile; fileRef = 98F2A373156C11A400431E1D /* joystick_cross_1.PNG */; };
		98F2A376156C144800431E1D /* button_grey_background.PNG in Resources */ = {isa = PBXBuildFile; fileRef = 98F2A375156C144800431E1D /* button_grey_background.PNG */; };
		98F2A3D8156C17A100431E1D /* TextInputViewController.m in Sources */ = {isa = PBXBuildFile; fileRef = 98F2A3D6156C17A100431E1D /* TextInputViewController.m */; };
		98F2A3D9156C17A100431E1D /* TextInputViewController.xib in Resources */ = {isa = PBXBuildFile; fileRef = 98F2A3D7156C17A100431E1D /* TextInputViewController.xib */; };
		98F73DD116D2BB4F0017F00E /* cmu07a.dic in Resources */ = {isa = PBXBuildFile; fileRef = 98F73DC116D2BB4F0017F00E /* cmu07a.dic */; };
		98F73DD216D2BB4F0017F00E /* feat.params in Resources */ = {isa = PBXBuildFile; fileRef = 98F73DC316D2BB4F0017F00E /* feat.params */; };
		98F73DD316D2BB4F0017F00E /* mdef in Resources */ = {isa = PBXBuildFile; fileRef = 98F73DC416D2BB4F0017F00E /* mdef */; };
		98F73DD416D2BB4F0017F00E /* means in Resources */ = {isa = PBXBuildFile; fileRef = 98F73DC516D2BB4F0017F00E /* means */; };
		98F73DD516D2BB4F0017F00E /* noisedict in Resources */ = {isa = PBXBuildFile; fileRef = 98F73DC616D2BB4F0017F00E /* noisedict */; };
		98F73DD616D2BB4F0017F00E /* sendump in Resources */ = {isa = PBXBuildFile; fileRef = 98F73DC716D2BB4F0017F00E /* sendump */; };
		98F73DD716D2BB4F0017F00E /* transition_matrices in Resources */ = {isa = PBXBuildFile; fileRef = 98F73DC816D2BB4F0017F00E /* transition_matrices */; };
		98F73DD816D2BB4F0017F00E /* variances in Resources */ = {isa = PBXBuildFile; fileRef = 98F73DC916D2BB4F0017F00E /* variances */; };
		98F73DD916D2BB4F0017F00E /* OpenEars.framework in Frameworks */ = {isa = PBXBuildFile; fileRef = 98F73DCA16D2BB4F0017F00E /* OpenEars.framework */; };
		98F73DDA16D2BB4F0017F00E /* OpenEars1.dic in Resources */ = {isa = PBXBuildFile; fileRef = 98F73DCB16D2BB4F0017F00E /* OpenEars1.dic */; };
		98F73DDB16D2BB4F0017F00E /* OpenEars1.gram in Resources */ = {isa = PBXBuildFile; fileRef = 98F73DCC16D2BB4F0017F00E /* OpenEars1.gram */; };
		98F73DDC16D2BB4F0017F00E /* OpenEars1.languagemodel in Resources */ = {isa = PBXBuildFile; fileRef = 98F73DCD16D2BB4F0017F00E /* OpenEars1.languagemodel */; };
		98F73DDD16D2BB4F0017F00E /* OpenEars2.gram in Resources */ = {isa = PBXBuildFile; fileRef = 98F73DCE16D2BB4F0017F00E /* OpenEars2.gram */; };
		98F73DDE16D2BB4F0017F00E /* OpenEarsCorpus.txt in Resources */ = {isa = PBXBuildFile; fileRef = 98F73DCF16D2BB4F0017F00E /* OpenEarsCorpus.txt */; };
		98F73DDF16D2BB4F0017F00E /* Slt.framework in Frameworks */ = {isa = PBXBuildFile; fileRef = 98F73DD016D2BB4F0017F00E /* Slt.framework */; };
		B40C705915D2FE57009D70A4 /* XMLFromTree.m in Sources */ = {isa = PBXBuildFile; fileRef = B40C705815D2FE57009D70A4 /* XMLFromTree.m */; };
		B410FCF415D2F06400137CAB /* coreWordsDict.txt in Resources */ = {isa = PBXBuildFile; fileRef = B410FCF315D2F06400137CAB /* coreWordsDict.txt */; };
		B468C3E415A4A8D6005B192D /* DictionaryParser.m in Sources */ = {isa = PBXBuildFile; fileRef = B468C3E315A4A8D6005B192D /* DictionaryParser.m */; };
/* End PBXBuildFile section */

/* Begin PBXFileReference section */
		140C63A815D3123A00F50318 /* AudioToolbox.framework */ = {isa = PBXFileReference; lastKnownFileType = wrapper.framework; name = AudioToolbox.framework; path = System/Library/Frameworks/AudioToolbox.framework; sourceTree = SDKROOT; };
		140C63AA15D3123F00F50318 /* AVFoundation.framework */ = {isa = PBXFileReference; lastKnownFileType = wrapper.framework; name = AVFoundation.framework; path = System/Library/Frameworks/AVFoundation.framework; sourceTree = SDKROOT; };
		144A4E1E15D2F117001CDD9F /* SMXMLDocument.h */ = {isa = PBXFileReference; fileEncoding = 4; lastKnownFileType = sourcecode.c.h; path = SMXMLDocument.h; sourceTree = "<group>"; };
		144A4E1F15D2F117001CDD9F /* SMXMLDocument.m */ = {isa = PBXFileReference; fileEncoding = 4; lastKnownFileType = sourcecode.c.objc; path = SMXMLDocument.m; sourceTree = "<group>"; };
		144A4E2215D2F190001CDD9F /* defaultTree.xml */ = {isa = PBXFileReference; fileEncoding = 4; lastKnownFileType = text.xml; path = defaultTree.xml; sourceTree = "<group>"; };
		144A4E2715D2F4BC001CDD9F /* XMLTreeCreator.h */ = {isa = PBXFileReference; fileEncoding = 4; lastKnownFileType = sourcecode.c.h; path = XMLTreeCreator.h; sourceTree = "<group>"; };
		144A4E2815D2F4BC001CDD9F /* XMLTreeCreator.m */ = {isa = PBXFileReference; fileEncoding = 4; lastKnownFileType = sourcecode.c.objc; path = XMLTreeCreator.m; sourceTree = "<group>"; };
		1473829B15A4AF6C009AB9B7 /* TreeNavigator.h */ = {isa = PBXFileReference; fileEncoding = 4; lastKnownFileType = sourcecode.c.h; path = TreeNavigator.h; sourceTree = "<group>"; };
		1473829C15A4AF6C009AB9B7 /* TreeNavigator.m */ = {isa = PBXFileReference; fileEncoding = 4; lastKnownFileType = sourcecode.c.objc; path = TreeNavigator.m; sourceTree = "<group>"; };
		14DF37F515A34EEA00424701 /* SelectionTree.h */ = {isa = PBXFileReference; fileEncoding = 4; lastKnownFileType = sourcecode.c.h; path = SelectionTree.h; sourceTree = "<group>"; };
		14DF37F615A34EEA00424701 /* SelectionTree.m */ = {isa = PBXFileReference; fileEncoding = 4; lastKnownFileType = sourcecode.c.objc; path = SelectionTree.m; sourceTree = "<group>"; };
		1D30AB110D05D00D00671497 /* Foundation.framework */ = {isa = PBXFileReference; lastKnownFileType = wrapper.framework; name = Foundation.framework; path = System/Library/Frameworks/Foundation.framework; sourceTree = SDKROOT; };
		1D3623240D0F684500981E51 /* Communication_AidAppDelegate.h */ = {isa = PBXFileReference; fileEncoding = 4; lastKnownFileType = sourcecode.c.h; path = Communication_AidAppDelegate.h; sourceTree = "<group>"; };
		1D3623250D0F684500981E51 /* Communication_AidAppDelegate.m */ = {isa = PBXFileReference; fileEncoding = 4; lastKnownFileType = sourcecode.c.objc; path = Communication_AidAppDelegate.m; sourceTree = "<group>"; };
		1D6058910D05DD3D006BFB54 /* Communication_Aid.app */ = {isa = PBXFileReference; explicitFileType = wrapper.application; includeInIndex = 0; path = Communication_Aid.app; sourceTree = BUILT_PRODUCTS_DIR; };
		1DF5F4DF0D08C38300B7A737 /* UIKit.framework */ = {isa = PBXFileReference; lastKnownFileType = wrapper.framework; name = UIKit.framework; path = System/Library/Frameworks/UIKit.framework; sourceTree = SDKROOT; };
		288765FC0DF74451002DB57D /* CoreGraphics.framework */ = {isa = PBXFileReference; lastKnownFileType = wrapper.framework; name = CoreGraphics.framework; path = System/Library/Frameworks/CoreGraphics.framework; sourceTree = SDKROOT; };
		28AD733E0D9D9553002E5188 /* MainWindow.xib */ = {isa = PBXFileReference; lastKnownFileType = file.xib; path = MainWindow.xib; sourceTree = "<group>"; };
		29B97316FDCFA39411CA2CEA /* main.m */ = {isa = PBXFileReference; fileEncoding = 4; lastKnownFileType = sourcecode.c.objc; path = main.m; sourceTree = "<group>"; };
		32CA4F630368D1EE00C91783 /* Communication_Aid_Prefix.pch */ = {isa = PBXFileReference; fileEncoding = 4; lastKnownFileType = sourcecode.c.h; path = Communication_Aid_Prefix.pch; sourceTree = "<group>"; };
		8D1107310486CEB800E47090 /* Communication_Aid-Info.plist */ = {isa = PBXFileReference; fileEncoding = 4; lastKnownFileType = text.plist.xml; path = "Communication_Aid-Info.plist"; plistStructureDefinitionIdentifier = "com.apple.xcode.plist.structure-definition.iphone.info-plist"; sourceTree = "<group>"; };
		982A76DB15D3E17F00D89C0E /* EditingView.h */ = {isa = PBXFileReference; fileEncoding = 4; lastKnownFileType = sourcecode.c.h; path = EditingView.h; sourceTree = "<group>"; };
		982A76DC15D3E17F00D89C0E /* EditingView.m */ = {isa = PBXFileReference; fileEncoding = 4; lastKnownFileType = sourcecode.c.objc; path = EditingView.m; sourceTree = "<group>"; };
		987E6EB215B62674004DE229 /* dictionary.txt */ = {isa = PBXFileReference; fileEncoding = 4; lastKnownFileType = text; path = dictionary.txt; sourceTree = "<group>"; };
		98B95BB816869704002424BC /* CalibrationViewController.h */ = {isa = PBXFileReference; fileEncoding = 4; lastKnownFileType = sourcecode.c.h; path = CalibrationViewController.h; sourceTree = "<group>"; };
		98B95BB916869704002424BC /* CalibrationViewController.m */ = {isa = PBXFileReference; fileEncoding = 4; lastKnownFileType = sourcecode.c.objc; path = CalibrationViewController.m; sourceTree = "<group>"; };
		98B95BBA16869704002424BC /* CalibrationViewController.xib */ = {isa = PBXFileReference; fileEncoding = 4; lastKnownFileType = file.xib; name = CalibrationViewController.xib; path = Classes/CalibrationViewController.xib; sourceTree = "<group>"; };
		98F2A373156C11A400431E1D /* joystick_cross_1.PNG */ = {isa = PBXFileReference; lastKnownFileType = image.png; path = joystick_cross_1.PNG; sourceTree = "<group>"; };
		98F2A375156C144800431E1D /* button_grey_background.PNG */ = {isa = PBXFileReference; lastKnownFileType = image.png; path = button_grey_background.PNG; sourceTree = "<group>"; };
		98F2A3D5156C17A100431E1D /* TextInputViewController.h */ = {isa = PBXFileReference; fileEncoding = 4; lastKnownFileType = sourcecode.c.h; name = TextInputViewController.h; path = "../../../../../AwesomestTeam-Communication-Aids/iOSCode/Communication_Aid/Classes/TextInputViewController.h"; sourceTree = "<group>"; };
		98F2A3D6156C17A100431E1D /* TextInputViewController.m */ = {isa = PBXFileReference; fileEncoding = 4; lastKnownFileType = sourcecode.c.objc; name = TextInputViewController.m; path = "../../../../../AwesomestTeam-Communication-Aids/iOSCode/Communication_Aid/Classes/TextInputViewController.m"; sourceTree = "<group>"; };
		98F2A3D7156C17A100431E1D /* TextInputViewController.xib */ = {isa = PBXFileReference; lastKnownFileType = file.xib; path = TextInputViewController.xib; sourceTree = "<group>"; };
		98F73DC116D2BB4F0017F00E /* cmu07a.dic */ = {isa = PBXFileReference; fileEncoding = 4; lastKnownFileType = text; path = cmu07a.dic; sourceTree = "<group>"; };
		98F73DC316D2BB4F0017F00E /* feat.params */ = {isa = PBXFileReference; fileEncoding = 4; lastKnownFileType = text; path = feat.params; sourceTree = "<group>"; };
		98F73DC416D2BB4F0017F00E /* mdef */ = {isa = PBXFileReference; lastKnownFileType = file; path = mdef; sourceTree = "<group>"; };
		98F73DC516D2BB4F0017F00E /* means */ = {isa = PBXFileReference; lastKnownFileType = file; path = means; sourceTree = "<group>"; };
		98F73DC616D2BB4F0017F00E /* noisedict */ = {isa = PBXFileReference; fileEncoding = 4; lastKnownFileType = text; path = noisedict; sourceTree = "<group>"; };
		98F73DC716D2BB4F0017F00E /* sendump */ = {isa = PBXFileReference; lastKnownFileType = file; path = sendump; sourceTree = "<group>"; };
		98F73DC816D2BB4F0017F00E /* transition_matrices */ = {isa = PBXFileReference; lastKnownFileType = file; path = transition_matrices; sourceTree = "<group>"; };
		98F73DC916D2BB4F0017F00E /* variances */ = {isa = PBXFileReference; lastKnownFileType = file; path = variances; sourceTree = "<group>"; };
		98F73DCA16D2BB4F0017F00E /* OpenEars.framework */ = {isa = PBXFileReference; lastKnownFileType = wrapper.framework; path = OpenEars.framework; sourceTree = "<group>"; };
		98F73DCB16D2BB4F0017F00E /* OpenEars1.dic */ = {isa = PBXFileReference; fileEncoding = 4; lastKnownFileType = text; path = OpenEars1.dic; sourceTree = "<group>"; };
		98F73DCC16D2BB4F0017F00E /* OpenEars1.gram */ = {isa = PBXFileReference; fileEncoding = 4; lastKnownFileType = text; path = OpenEars1.gram; sourceTree = "<group>"; };
		98F73DCD16D2BB4F0017F00E /* OpenEars1.languagemodel */ = {isa = PBXFileReference; fileEncoding = 4; lastKnownFileType = text; path = OpenEars1.languagemodel; sourceTree = "<group>"; };
		98F73DCE16D2BB4F0017F00E /* OpenEars2.gram */ = {isa = PBXFileReference; fileEncoding = 4; lastKnownFileType = text; path = OpenEars2.gram; sourceTree = "<group>"; };
		98F73DCF16D2BB4F0017F00E /* OpenEarsCorpus.txt */ = {isa = PBXFileReference; fileEncoding = 4; lastKnownFileType = text; path = OpenEarsCorpus.txt; sourceTree = "<group>"; };
		98F73DD016D2BB4F0017F00E /* Slt.framework */ = {isa = PBXFileReference; lastKnownFileType = wrapper.framework; path = Slt.framework; sourceTree = "<group>"; };
		B40C705715D2FE57009D70A4 /* XMLFromTree.h */ = {isa = PBXFileReference; fileEncoding = 4; lastKnownFileType = sourcecode.c.h; path = XMLFromTree.h; sourceTree = "<group>"; };
		B40C705815D2FE57009D70A4 /* XMLFromTree.m */ = {isa = PBXFileReference; fileEncoding = 4; lastKnownFileType = sourcecode.c.objc; path = XMLFromTree.m; sourceTree = "<group>"; };
		B410FCF315D2F06400137CAB /* coreWordsDict.txt */ = {isa = PBXFileReference; fileEncoding = 4; lastKnownFileType = text; path = coreWordsDict.txt; sourceTree = "<group>"; };
		B468C3E215A4A8D6005B192D /* DictionaryParser.h */ = {isa = PBXFileReference; fileEncoding = 4; lastKnownFileType = sourcecode.c.h; path = DictionaryParser.h; sourceTree = "<group>"; };
		B468C3E315A4A8D6005B192D /* DictionaryParser.m */ = {isa = PBXFileReference; fileEncoding = 4; lastKnownFileType = sourcecode.c.objc; path = DictionaryParser.m; sourceTree = "<group>"; };
/* End PBXFileReference section */

/* Begin PBXFrameworksBuildPhase section */
		1D60588F0D05DD3D006BFB54 /* Frameworks */ = {
			isa = PBXFrameworksBuildPhase;
			buildActionMask = 2147483647;
			files = (
				140C63AB15D3123F00F50318 /* AVFoundation.framework in Frameworks */,
				140C63A915D3123A00F50318 /* AudioToolbox.framework in Frameworks */,
				1D60589F0D05DD5A006BFB54 /* Foundation.framework in Frameworks */,
				1DF5F4E00D08C38300B7A737 /* UIKit.framework in Frameworks */,
				288765FD0DF74451002DB57D /* CoreGraphics.framework in Frameworks */,
				98F73DD916D2BB4F0017F00E /* OpenEars.framework in Frameworks */,
				98F73DDF16D2BB4F0017F00E /* Slt.framework in Frameworks */,
			);
			runOnlyForDeploymentPostprocessing = 0;
		};
/* End PBXFrameworksBuildPhase section */

/* Begin PBXGroup section */
		080E96DDFE201D6D7F000001 /* Classes */ = {
			isa = PBXGroup;
			children = (
				144A4E1E15D2F117001CDD9F /* SMXMLDocument.h */,
				98B95BB816869704002424BC /* CalibrationViewController.h */,
				98B95BB916869704002424BC /* CalibrationViewController.m */,
				144A4E1F15D2F117001CDD9F /* SMXMLDocument.m */,
				98F2A3D5156C17A100431E1D /* TextInputViewController.h */,
				98F2A3D6156C17A100431E1D /* TextInputViewController.m */,
				B468C3E215A4A8D6005B192D /* DictionaryParser.h */,
				B468C3E315A4A8D6005B192D /* DictionaryParser.m */,
				1D3623250D0F684500981E51 /* Communication_AidAppDelegate.m */,
				1D3623240D0F684500981E51 /* Communication_AidAppDelegate.h */,
				14DF37F515A34EEA00424701 /* SelectionTree.h */,
				14DF37F615A34EEA00424701 /* SelectionTree.m */,
				1473829B15A4AF6C009AB9B7 /* TreeNavigator.h */,
				1473829C15A4AF6C009AB9B7 /* TreeNavigator.m */,
				144A4E2715D2F4BC001CDD9F /* XMLTreeCreator.h */,
				144A4E2815D2F4BC001CDD9F /* XMLTreeCreator.m */,
				B40C705715D2FE57009D70A4 /* XMLFromTree.h */,
				B40C705815D2FE57009D70A4 /* XMLFromTree.m */,
				982A76DB15D3E17F00D89C0E /* EditingView.h */,
				982A76DC15D3E17F00D89C0E /* EditingView.m */,
			);
			path = Classes;
			sourceTree = "<group>";
		};
		19C28FACFE9D520D11CA2CBB /* Products */ = {
			isa = PBXGroup;
			children = (
				1D6058910D05DD3D006BFB54 /* Communication_Aid.app */,
			);
			name = Products;
			sourceTree = "<group>";
		};
		29B97314FDCFA39411CA2CEA /* CustomTemplate */ = {
			isa = PBXGroup;
			children = (
				140C63AA15D3123F00F50318 /* AVFoundation.framework */,
				140C63A815D3123A00F50318 /* AudioToolbox.framework */,
				144A4E2215D2F190001CDD9F /* defaultTree.xml */,
				987E6EB215B62674004DE229 /* dictionary.txt */,
				B410FCF315D2F06400137CAB /* coreWordsDict.txt */,
				98F2A375156C144800431E1D /* button_grey_background.PNG */,
				98F2A373156C11A400431E1D /* joystick_cross_1.PNG */,
				080E96DDFE201D6D7F000001 /* Classes */,
				29B97315FDCFA39411CA2CEA /* Other Sources */,
				29B97317FDCFA39411CA2CEA /* Resources */,
				29B97323FDCFA39411CA2CEA /* Frameworks */,
				19C28FACFE9D520D11CA2CBB /* Products */,
			);
			name = CustomTemplate;
			sourceTree = "<group>";
		};
		29B97315FDCFA39411CA2CEA /* Other Sources */ = {
			isa = PBXGroup;
			children = (
				32CA4F630368D1EE00C91783 /* Communication_Aid_Prefix.pch */,
				29B97316FDCFA39411CA2CEA /* main.m */,
			);
			name = "Other Sources";
			sourceTree = "<group>";
		};
		29B97317FDCFA39411CA2CEA /* Resources */ = {
			isa = PBXGroup;
			children = (
				98B95BBA16869704002424BC /* CalibrationViewController.xib */,
				98F2A3D7156C17A100431E1D /* TextInputViewController.xib */,
				28AD733E0D9D9553002E5188 /* MainWindow.xib */,
				8D1107310486CEB800E47090 /* Communication_Aid-Info.plist */,
			);
			name = Resources;
			sourceTree = "<group>";
		};
		29B97323FDCFA39411CA2CEA /* Frameworks */ = {
			isa = PBXGroup;
			children = (
				98F73DC016D2BB4F0017F00E /* Framework */,
				1DF5F4DF0D08C38300B7A737 /* UIKit.framework */,
				1D30AB110D05D00D00671497 /* Foundation.framework */,
				288765FC0DF74451002DB57D /* CoreGraphics.framework */,
			);
			name = Frameworks;
			sourceTree = "<group>";
		};
		98F73DC016D2BB4F0017F00E /* Framework */ = {
			isa = PBXGroup;
			children = (
				98F73DC116D2BB4F0017F00E /* cmu07a.dic */,
				98F73DC216D2BB4F0017F00E /* hub4wsj_sc_8k */,
				98F73DCA16D2BB4F0017F00E /* OpenEars.framework */,
				98F73DCB16D2BB4F0017F00E /* OpenEars1.dic */,
				98F73DCC16D2BB4F0017F00E /* OpenEars1.gram */,
				98F73DCD16D2BB4F0017F00E /* OpenEars1.languagemodel */,
				98F73DCE16D2BB4F0017F00E /* OpenEars2.gram */,
				98F73DCF16D2BB4F0017F00E /* OpenEarsCorpus.txt */,
				98F73DD016D2BB4F0017F00E /* Slt.framework */,
			);
			path = Framework;
			sourceTree = "<group>";
		};
		98F73DC216D2BB4F0017F00E /* hub4wsj_sc_8k */ = {
			isa = PBXGroup;
			children = (
				98F73DC316D2BB4F0017F00E /* feat.params */,
				98F73DC416D2BB4F0017F00E /* mdef */,
				98F73DC516D2BB4F0017F00E /* means */,
				98F73DC616D2BB4F0017F00E /* noisedict */,
				98F73DC716D2BB4F0017F00E /* sendump */,
				98F73DC816D2BB4F0017F00E /* transition_matrices */,
				98F73DC916D2BB4F0017F00E /* variances */,
			);
			path = hub4wsj_sc_8k;
			sourceTree = "<group>";
		};
/* End PBXGroup section */

/* Begin PBXNativeTarget section */
		1D6058900D05DD3D006BFB54 /* Communication_Aid */ = {
			isa = PBXNativeTarget;
			buildConfigurationList = 1D6058960D05DD3E006BFB54 /* Build configuration list for PBXNativeTarget "Communication_Aid" */;
			buildPhases = (
				1D60588D0D05DD3D006BFB54 /* Resources */,
				1D60588E0D05DD3D006BFB54 /* Sources */,
				1D60588F0D05DD3D006BFB54 /* Frameworks */,
			);
			buildRules = (
			);
			dependencies = (
			);
			name = Communication_Aid;
			productName = Communication_Aid;
			productReference = 1D6058910D05DD3D006BFB54 /* Communication_Aid.app */;
			productType = "com.apple.product-type.application";
		};
/* End PBXNativeTarget section */

/* Begin PBXProject section */
		29B97313FDCFA39411CA2CEA /* Project object */ = {
			isa = PBXProject;
			buildConfigurationList = C01FCF4E08A954540054247B /* Build configuration list for PBXProject "Communication_Aid" */;
			compatibilityVersion = "Xcode 3.1";
			developmentRegion = English;
			hasScannedForEncodings = 1;
			knownRegions = (
				English,
				Japanese,
				French,
				German,
			);
			mainGroup = 29B97314FDCFA39411CA2CEA /* CustomTemplate */;
			projectDirPath = "";
			projectRoot = "";
			targets = (
				1D6058900D05DD3D006BFB54 /* Communication_Aid */,
			);
		};
/* End PBXProject section */

/* Begin PBXResourcesBuildPhase section */
		1D60588D0D05DD3D006BFB54 /* Resources */ = {
			isa = PBXResourcesBuildPhase;
			buildActionMask = 2147483647;
			files = (
				28AD733F0D9D9553002E5188 /* MainWindow.xib in Resources */,
				98F2A374156C11A400431E1D /* joystick_cross_1.PNG in Resources */,
				98F2A376156C144800431E1D /* button_grey_background.PNG in Resources */,
				98F2A3D9156C17A100431E1D /* TextInputViewController.xib in Resources */,
				987E6EB315B62674004DE229 /* dictionary.txt in Resources */,
				144A4E2315D2F190001CDD9F /* defaultTree.xml in Resources */,
				B410FCF415D2F06400137CAB /* coreWordsDict.txt in Resources */,
				98B95BBC16869704002424BC /* CalibrationViewController.xib in Resources */,
				98F73DD116D2BB4F0017F00E /* cmu07a.dic in Resources */,
				98F73DD216D2BB4F0017F00E /* feat.params in Resources */,
				98F73DD316D2BB4F0017F00E /* mdef in Resources */,
				98F73DD416D2BB4F0017F00E /* means in Resources */,
				98F73DD516D2BB4F0017F00E /* noisedict in Resources */,
				98F73DD616D2BB4F0017F00E /* sendump in Resources */,
				98F73DD716D2BB4F0017F00E /* transition_matrices in Resources */,
				98F73DD816D2BB4F0017F00E /* variances in Resources */,
				98F73DDA16D2BB4F0017F00E /* OpenEars1.dic in Resources */,
				98F73DDB16D2BB4F0017F00E /* OpenEars1.gram in Resources */,
				98F73DDC16D2BB4F0017F00E /* OpenEars1.languagemodel in Resources */,
				98F73DDD16D2BB4F0017F00E /* OpenEars2.gram in Resources */,
				98F73DDE16D2BB4F0017F00E /* OpenEarsCorpus.txt in Resources */,
			);
			runOnlyForDeploymentPostprocessing = 0;
		};
/* End PBXResourcesBuildPhase section */

/* Begin PBXSourcesBuildPhase section */
		1D60588E0D05DD3D006BFB54 /* Sources */ = {
			isa = PBXSourcesBuildPhase;
			buildActionMask = 2147483647;
			files = (
				1D60589B0D05DD56006BFB54 /* main.m in Sources */,
				1D3623260D0F684500981E51 /* Communication_AidAppDelegate.m in Sources */,
				98F2A3D8156C17A100431E1D /* TextInputViewController.m in Sources */,
				14DF37F715A34EEA00424701 /* SelectionTree.m in Sources */,
				B468C3E415A4A8D6005B192D /* DictionaryParser.m in Sources */,
				1473829D15A4AF6C009AB9B7 /* TreeNavigator.m in Sources */,
				144A4E2015D2F117001CDD9F /* SMXMLDocument.m in Sources */,
				144A4E2915D2F4BD001CDD9F /* XMLTreeCreator.m in Sources */,
				B40C705915D2FE57009D70A4 /* XMLFromTree.m in Sources */,
				982A76DD15D3E17F00D89C0E /* EditingView.m in Sources */,
				98B95BBB16869704002424BC /* CalibrationViewController.m in Sources */,
			);
			runOnlyForDeploymentPostprocessing = 0;
		};
/* End PBXSourcesBuildPhase section */

/* Begin XCBuildConfiguration section */
		1D6058940D05DD3E006BFB54 /* Debug */ = {
			isa = XCBuildConfiguration;
			buildSettings = {
				ALWAYS_SEARCH_USER_PATHS = NO;
				COPY_PHASE_STRIP = NO;
				FRAMEWORK_SEARCH_PATHS = (
					"$(inherited)",
					"\"$(SRCROOT)/framework\"",
					"\"$(SRCROOT)/Framework\"",
				);
				GCC_DYNAMIC_NO_PIC = NO;
				GCC_OPTIMIZATION_LEVEL = 0;
				GCC_PRECOMPILE_PREFIX_HEADER = YES;
				GCC_PREFIX_HEADER = Communication_Aid_Prefix.pch;
				INFOPLIST_FILE = "Communication_Aid-Info.plist";
				LIBRARY_SEARCH_PATHS = (
					"$(inherited)",
					"\"$(SRCROOT)/../../providedCode/task\"",
				);
				PRODUCT_NAME = Communication_Aid;
			};
			name = Debug;
		};
		1D6058950D05DD3E006BFB54 /* Release */ = {
			isa = XCBuildConfiguration;
			buildSettings = {
				ALWAYS_SEARCH_USER_PATHS = NO;
				COPY_PHASE_STRIP = YES;
				FRAMEWORK_SEARCH_PATHS = (
					"$(inherited)",
					"\"$(SRCROOT)/framework\"",
					"\"$(SRCROOT)/Framework\"",
				);
				GCC_PRECOMPILE_PREFIX_HEADER = YES;
				GCC_PREFIX_HEADER = Communication_Aid_Prefix.pch;
				INFOPLIST_FILE = "Communication_Aid-Info.plist";
				LIBRARY_SEARCH_PATHS = (
					"$(inherited)",
					"\"$(SRCROOT)/../../providedCode/task\"",
				);
				PRODUCT_NAME = Communication_Aid;
				VALIDATE_PRODUCT = YES;
			};
			name = Release;
		};
		C01FCF4F08A954540054247B /* Debug */ = {
			isa = XCBuildConfiguration;
			buildSettings = {
				ARCHS = "$(ARCHS_UNIVERSAL_IPHONE_OS)";
				"CODE_SIGN_IDENTITY[sdk=iphoneos*]" = "iPhone Developer";
				GCC_C_LANGUAGE_STANDARD = c99;
				GCC_WARN_ABOUT_RETURN_TYPE = YES;
				GCC_WARN_UNUSED_VARIABLE = YES;
				IPHONEOS_DEPLOYMENT_TARGET = 5.1;
				PREBINDING = NO;
				SDKROOT = iphoneos;
				TARGETED_DEVICE_FAMILY = 2;
			};
			name = Debug;
		};
		C01FCF5008A954540054247B /* Release */ = {
			isa = XCBuildConfiguration;
			buildSettings = {
				ARCHS = "$(ARCHS_UNIVERSAL_IPHONE_OS)";
				"CODE_SIGN_IDENTITY[sdk=iphoneos*]" = "iPhone Developer";
				GCC_C_LANGUAGE_STANDARD = c99;
				GCC_WARN_ABOUT_RETURN_TYPE = YES;
				GCC_WARN_UNUSED_VARIABLE = YES;
				IPHONEOS_DEPLOYMENT_TARGET = 5.1;
				OTHER_CFLAGS = "-DNS_BLOCK_ASSERTIONS=1";
				PREBINDING = NO;
				SDKROOT = iphoneos;
				TARGETED_DEVICE_FAMILY = 2;
			};
			name = Release;
		};
/* End XCBuildConfiguration section */

/* Begin XCConfigurationList section */
		1D6058960D05DD3E006BFB54 /* Build configuration list for PBXNativeTarget "Communication_Aid" */ = {
			isa = XCConfigurationList;
			buildConfigurations = (
				1D6058940D05DD3E006BFB54 /* Debug */,
				1D6058950D05DD3E006BFB54 /* Release */,
			);
			defaultConfigurationIsVisible = 0;
			defaultConfigurationName = Release;
		};
		C01FCF4E08A954540054247B /* Build configuration list for PBXProject "Communication_Aid" */ = {
			isa = XCConfigurationList;
			buildConfigurations = (
				C01FCF4F08A954540054247B /* Debug */,
				C01FCF5008A954540054247B /* Release */,
			);
			defaultConfigurationIsVisible = 0;
			defaultConfigurationName = Release;
		};
/* End XCConfigurationList section */
	};
	rootObject = 29B97313FDCFA39411CA2CEA /* Project object */;
}
